
Microsoft Visual Studio Solution File, Format Version 12.00
# Visual Studio Version 17
VisualStudioVersion = 17.11.35327.3
MinimumVisualStudioVersion = 10.0.40219.1
Project("{FAE04EC0-301F-11D3-BF4B-00C04F79EFBC}") = "GameHub", "GameHub.csproj", "{8D143C37-27AD-461A-95FC-DE18AED6CDEF}"
EndProject
Project("{FAE04EC0-301F-11D3-BF4B-00C04F79EFBC}") = "WebApp", "..\WebApp\WebApp.csproj", "{D09B58DD-ADB3-4A89-A648-AF864DB733ED}"
EndProject
Global
	GlobalSection(SolutionConfigurationPlatforms) = preSolution
		Debug|Any CPU = Debug|Any CPU
		Release|Any CPU = Release|Any CPU
	EndGlobalSection
	GlobalSection(ProjectConfigurationPlatforms) = postSolution
		{8D143C37-27AD-461A-95FC-DE18AED6CDEF}.Debug|Any CPU.ActiveCfg = Debug|Any CPU
		{8D143C37-27AD-461A-95FC-DE18AED6CDEF}.Debug|Any CPU.Build.0 = Debug|Any CPU
		{8D143C37-27AD-461A-95FC-DE18AED6CDEF}.Release|Any CPU.ActiveCfg = Release|Any CPU
		{8D143C37-27AD-461A-95FC-DE18AED6CDEF}.Release|Any CPU.Build.0 = Release|Any CPU
		{D09B58DD-ADB3-4A89-A648-AF864DB733ED}.Debug|Any CPU.ActiveCfg = Debug|Any CPU
		{D09B58DD-ADB3-4A89-A648-AF864DB733ED}.Debug|Any CPU.Build.0 = Debug|Any CPU
		{D09B58DD-ADB3-4A89-A648-AF864DB733ED}.Release|Any CPU.ActiveCfg = Release|Any CPU
		{D09B58DD-ADB3-4A89-A648-AF864DB733ED}.Release|Any CPU.Build.0 = Release|Any CPU
	EndGlobalSection
	GlobalSection(SolutionProperties) = preSolution
		HideSolutionNode = FALSE
	EndGlobalSection
	GlobalSection(ExtensibilityGlobals) = postSolution
		SolutionGuid = {78112C1B-9AF9-44F6-B733-31BB16E84662}
	EndGlobalSection
EndGlobal
